
Microsoft Visual Studio Solution File, Format Version 12.00
# Visual Studio 14
VisualStudioVersion = 14.0.25420.1
MinimumVisualStudioVersion = 10.0.40219.1
Project("{FAE04EC0-301F-11D3-BF4B-00C04F79EFBC}") = "Riders.Common", "Riders.Common\Riders.Common.csproj", "{6B616A9B-7CAA-474E-8F00-717E78E02543}"
EndProject
Project("{FAE04EC0-301F-11D3-BF4B-00C04F79EFBC}") = "Riders.BL", "Riders.BL\Riders.BL.csproj", "{6126648D-95F6-441D-A85F-1880EDA55D44}"
EndProject
Project("{FAE04EC0-301F-11D3-BF4B-00C04F79EFBC}") = "Riders.DL.Json", "Riders.DL.Json\Riders.DL.Json.csproj", "{5449CD3E-48ED-4A75-9165-59ECD867C89F}"
EndProject
Project("{FAE04EC0-301F-11D3-BF4B-00C04F79EFBC}") = "Riders.PL.Cli", "Riders.PL.Cli\Riders.PL.Cli.csproj", "{A2B2608C-2BF0-49CA-93F6-74A8F0C79F00}"
EndProject
Global
	GlobalSection(SolutionConfigurationPlatforms) = preSolution
		Debug|Any CPU = Debug|Any CPU
		Release|Any CPU = Release|Any CPU
	EndGlobalSection
	GlobalSection(ProjectConfigurationPlatforms) = postSolution
		{6B616A9B-7CAA-474E-8F00-717E78E02543}.Debug|Any CPU.ActiveCfg = Debug|Any CPU
		{6B616A9B-7CAA-474E-8F00-717E78E02543}.Debug|Any CPU.Build.0 = Debug|Any CPU
		{6B616A9B-7CAA-474E-8F00-717E78E02543}.Release|Any CPU.ActiveCfg = Release|Any CPU
		{6B616A9B-7CAA-474E-8F00-717E78E02543}.Release|Any CPU.Build.0 = Release|Any CPU
		{6126648D-95F6-441D-A85F-1880EDA55D44}.Debug|Any CPU.ActiveCfg = Debug|Any CPU
		{6126648D-95F6-441D-A85F-1880EDA55D44}.Debug|Any CPU.Build.0 = Debug|Any CPU
		{6126648D-95F6-441D-A85F-1880EDA55D44}.Release|Any CPU.ActiveCfg = Release|Any CPU
		{6126648D-95F6-441D-A85F-1880EDA55D44}.Release|Any CPU.Build.0 = Release|Any CPU
		{5449CD3E-48ED-4A75-9165-59ECD867C89F}.Debug|Any CPU.ActiveCfg = Debug|Any CPU
		{5449CD3E-48ED-4A75-9165-59ECD867C89F}.Debug|Any CPU.Build.0 = Debug|Any CPU
		{5449CD3E-48ED-4A75-9165-59ECD867C89F}.Release|Any CPU.ActiveCfg = Release|Any CPU
		{5449CD3E-48ED-4A75-9165-59ECD867C89F}.Release|Any CPU.Build.0 = Release|Any CPU
		{A2B2608C-2BF0-49CA-93F6-74A8F0C79F00}.Debug|Any CPU.ActiveCfg = Debug|Any CPU
		{A2B2608C-2BF0-49CA-93F6-74A8F0C79F00}.Debug|Any CPU.Build.0 = Debug|Any CPU
		{A2B2608C-2BF0-49CA-93F6-74A8F0C79F00}.Release|Any CPU.ActiveCfg = Release|Any CPU
		{A2B2608C-2BF0-49CA-93F6-74A8F0C79F00}.Release|Any CPU.Build.0 = Release|Any CPU
	EndGlobalSection
	GlobalSection(SolutionProperties) = preSolution
		HideSolutionNode = FALSE
	EndGlobalSection
EndGlobal
